// !$*UTF8*$!
{
	archiveVersion = 1;
	classes = {
	};
	objectVersion = 47;
	objects = {

/* Begin PBXBuildFile section */
		F303C5761C54C00200CE736E /* OSMClient.swift in Sources */ = {isa = PBXBuildFile; fileRef = F303C5751C54C00200CE736E /* OSMClient.swift */; };
		F303C5781C54C03800CE736E /* OSMConvenience.swift in Sources */ = {isa = PBXBuildFile; fileRef = F303C5771C54C03800CE736E /* OSMConvenience.swift */; };
		F303C57A1C54C08000CE736E /* OSMConstant.swift in Sources */ = {isa = PBXBuildFile; fileRef = F303C5791C54C08000CE736E /* OSMConstant.swift */; };
		F303C57C1C5CAF5700CE736E /* Peak.swift in Sources */ = {isa = PBXBuildFile; fileRef = F303C57B1C5CAF5700CE736E /* Peak.swift */; };
		F303C57F1C5CB07D00CE736E /* CoreDataStackManager.swift in Sources */ = {isa = PBXBuildFile; fileRef = F303C57E1C5CB07D00CE736E /* CoreDataStackManager.swift */; };
		F303C5811C67713E00CE736E /* MountainsARViewController.swift in Sources */ = {isa = PBXBuildFile; fileRef = F303C5801C67713E00CE736E /* MountainsARViewController.swift */; };
		F35D99231C95A4B2001BB552 /* Location.swift in Sources */ = {isa = PBXBuildFile; fileRef = F35D99221C95A4B2001BB552 /* Location.swift */; };
		F3827BE61CA0ADB100FDEC41 /* TabBarController.swift in Sources */ = {isa = PBXBuildFile; fileRef = F3827BE51CA0ADB100FDEC41 /* TabBarController.swift */; };
		F3827BE81CA0B05900FDEC41 /* PeakListViewController.swift in Sources */ = {isa = PBXBuildFile; fileRef = F3827BE71CA0B05900FDEC41 /* PeakListViewController.swift */; };
		F3827BEB1CA3180B00FDEC41 /* MountainsService.swift in Sources */ = {isa = PBXBuildFile; fileRef = F3827BEA1CA3180B00FDEC41 /* MountainsService.swift */; };
		F38F116A1C73C335000DA415 /* CoreLocation.framework in Frameworks */ = {isa = PBXBuildFile; fileRef = F38F11691C73C335000DA415 /* CoreLocation.framework */; };
		F38F116C1C73C33E000DA415 /* CoreMotion.framework in Frameworks */ = {isa = PBXBuildFile; fileRef = F38F116B1C73C33E000DA415 /* CoreMotion.framework */; };
		F38F117B1C73C37E000DA415 /* ARAnnotation.swift in Sources */ = {isa = PBXBuildFile; fileRef = F38F116F1C73C37E000DA415 /* ARAnnotation.swift */; };
		F38F117C1C73C37E000DA415 /* ARAnnotationView.swift in Sources */ = {isa = PBXBuildFile; fileRef = F38F11701C73C37E000DA415 /* ARAnnotationView.swift */; };
		F38F117D1C73C37E000DA415 /* ARConfiguration.swift in Sources */ = {isa = PBXBuildFile; fileRef = F38F11711C73C37E000DA415 /* ARConfiguration.swift */; };
		F38F117E1C73C37E000DA415 /* ARTrackingManager.swift in Sources */ = {isa = PBXBuildFile; fileRef = F38F11721C73C37E000DA415 /* ARTrackingManager.swift */; };
		F38F117F1C73C37E000DA415 /* ARViewController.swift in Sources */ = {isa = PBXBuildFile; fileRef = F38F11731C73C37E000DA415 /* ARViewController.swift */; };
		F38F11801C73C37E000DA415 /* DebugMapViewController.swift in Sources */ = {isa = PBXBuildFile; fileRef = F38F11751C73C37E000DA415 /* DebugMapViewController.swift */; };
		F38F11811C73C37E000DA415 /* DebugMapViewController.xib in Resources */ = {isa = PBXBuildFile; fileRef = F38F11771C73C37E000DA415 /* DebugMapViewController.xib */; };
		F38F11821C73C37E000DA415 /* hdar_close.png in Resources */ = {isa = PBXBuildFile; fileRef = F38F11781C73C37E000DA415 /* hdar_close.png */; };
		F38F11831C73C37E000DA415 /* hdar_close@2x.png in Resources */ = {isa = PBXBuildFile; fileRef = F38F11791C73C37E000DA415 /* hdar_close@2x.png */; };
		F38F11841C73C37E000DA415 /* hdar_close@3x.png in Resources */ = {isa = PBXBuildFile; fileRef = F38F117A1C73C37E000DA415 /* hdar_close@3x.png */; };
		F38F11861C7453D0000DA415 /* MountainsAnnotationView.swift in Sources */ = {isa = PBXBuildFile; fileRef = F38F11851C7453D0000DA415 /* MountainsAnnotationView.swift */; };
		F3C3A9F31C540C5C00FE7952 /* AppDelegate.swift in Sources */ = {isa = PBXBuildFile; fileRef = F3C3A9F21C540C5C00FE7952 /* AppDelegate.swift */; };
		F3C3A9F51C540C5C00FE7952 /* MapViewController.swift in Sources */ = {isa = PBXBuildFile; fileRef = F3C3A9F41C540C5C00FE7952 /* MapViewController.swift */; };
		F3C3A9F81C540C5C00FE7952 /* Main.storyboard in Resources */ = {isa = PBXBuildFile; fileRef = F3C3A9F61C540C5C00FE7952 /* Main.storyboard */; };
		F3C3A9FB1C540C5C00FE7952 /* Mountains.xcdatamodeld in Sources */ = {isa = PBXBuildFile; fileRef = F3C3A9F91C540C5C00FE7952 /* Mountains.xcdatamodeld */; };
		F3C3A9FD1C540C5C00FE7952 /* Assets.xcassets in Resources */ = {isa = PBXBuildFile; fileRef = F3C3A9FC1C540C5C00FE7952 /* Assets.xcassets */; };
		F3C3AA001C540C5C00FE7952 /* LaunchScreen.storyboard in Resources */ = {isa = PBXBuildFile; fileRef = F3C3A9FE1C540C5C00FE7952 /* LaunchScreen.storyboard */; };
		F3C3AA0B1C540C5C00FE7952 /* MountainsTests.swift in Sources */ = {isa = PBXBuildFile; fileRef = F3C3AA0A1C540C5C00FE7952 /* MountainsTests.swift */; };
		F3C3AA161C540C5C00FE7952 /* MountainsUITests.swift in Sources */ = {isa = PBXBuildFile; fileRef = F3C3AA151C540C5C00FE7952 /* MountainsUITests.swift */; };
		F3C3AA271C54127000FE7952 /* MapKit.framework in Frameworks */ = {isa = PBXBuildFile; fileRef = F3C3AA261C54127000FE7952 /* MapKit.framework */; };
/* End PBXBuildFile section */

/* Begin PBXContainerItemProxy section */
		F3C3AA071C540C5C00FE7952 /* PBXContainerItemProxy */ = {
			isa = PBXContainerItemProxy;
			containerPortal = F3C3A9E71C540C5C00FE7952 /* Project object */;
			proxyType = 1;
			remoteGlobalIDString = F3C3A9EE1C540C5C00FE7952;
			remoteInfo = Mountains;
		};
		F3C3AA121C540C5C00FE7952 /* PBXContainerItemProxy */ = {
			isa = PBXContainerItemProxy;
			containerPortal = F3C3A9E71C540C5C00FE7952 /* Project object */;
			proxyType = 1;
			remoteGlobalIDString = F3C3A9EE1C540C5C00FE7952;
			remoteInfo = Mountains;
		};
/* End PBXContainerItemProxy section */

/* Begin PBXFileReference section */
		F303C5751C54C00200CE736E /* OSMClient.swift */ = {isa = PBXFileReference; fileEncoding = 4; lastKnownFileType = sourcecode.swift; path = OSMClient.swift; sourceTree = "<group>"; };
		F303C5771C54C03800CE736E /* OSMConvenience.swift */ = {isa = PBXFileReference; fileEncoding = 4; lastKnownFileType = sourcecode.swift; path = OSMConvenience.swift; sourceTree = "<group>"; };
		F303C5791C54C08000CE736E /* OSMConstant.swift */ = {isa = PBXFileReference; fileEncoding = 4; lastKnownFileType = sourcecode.swift; path = OSMConstant.swift; sourceTree = "<group>"; };
		F303C57B1C5CAF5700CE736E /* Peak.swift */ = {isa = PBXFileReference; fileEncoding = 4; lastKnownFileType = sourcecode.swift; path = Peak.swift; sourceTree = "<group>"; };
		F303C57E1C5CB07D00CE736E /* CoreDataStackManager.swift */ = {isa = PBXFileReference; fileEncoding = 4; lastKnownFileType = sourcecode.swift; path = CoreDataStackManager.swift; sourceTree = "<group>"; };
		F303C5801C67713E00CE736E /* MountainsARViewController.swift */ = {isa = PBXFileReference; fileEncoding = 4; lastKnownFileType = sourcecode.swift; path = MountainsARViewController.swift; sourceTree = "<group>"; };
		F35D99221C95A4B2001BB552 /* Location.swift */ = {isa = PBXFileReference; fileEncoding = 4; lastKnownFileType = sourcecode.swift; path = Location.swift; sourceTree = "<group>"; };
		F3827BE51CA0ADB100FDEC41 /* TabBarController.swift */ = {isa = PBXFileReference; fileEncoding = 4; lastKnownFileType = sourcecode.swift; path = TabBarController.swift; sourceTree = "<group>"; };
		F3827BE71CA0B05900FDEC41 /* PeakListViewController.swift */ = {isa = PBXFileReference; fileEncoding = 4; lastKnownFileType = sourcecode.swift; path = PeakListViewController.swift; sourceTree = "<group>"; };
		F3827BEA1CA3180B00FDEC41 /* MountainsService.swift */ = {isa = PBXFileReference; fileEncoding = 4; lastKnownFileType = sourcecode.swift; path = MountainsService.swift; sourceTree = "<group>"; };
		F38F11691C73C335000DA415 /* CoreLocation.framework */ = {isa = PBXFileReference; lastKnownFileType = wrapper.framework; name = CoreLocation.framework; path = System/Library/Frameworks/CoreLocation.framework; sourceTree = SDKROOT; };
		F38F116B1C73C33E000DA415 /* CoreMotion.framework */ = {isa = PBXFileReference; lastKnownFileType = wrapper.framework; name = CoreMotion.framework; path = System/Library/Frameworks/CoreMotion.framework; sourceTree = SDKROOT; };
		F38F116F1C73C37E000DA415 /* ARAnnotation.swift */ = {isa = PBXFileReference; fileEncoding = 4; lastKnownFileType = sourcecode.swift; path = ARAnnotation.swift; sourceTree = "<group>"; };
		F38F11701C73C37E000DA415 /* ARAnnotationView.swift */ = {isa = PBXFileReference; fileEncoding = 4; lastKnownFileType = sourcecode.swift; path = ARAnnotationView.swift; sourceTree = "<group>"; };
		F38F11711C73C37E000DA415 /* ARConfiguration.swift */ = {isa = PBXFileReference; fileEncoding = 4; lastKnownFileType = sourcecode.swift; path = ARConfiguration.swift; sourceTree = "<group>"; };
		F38F11721C73C37E000DA415 /* ARTrackingManager.swift */ = {isa = PBXFileReference; fileEncoding = 4; lastKnownFileType = sourcecode.swift; path = ARTrackingManager.swift; sourceTree = "<group>"; };
		F38F11731C73C37E000DA415 /* ARViewController.swift */ = {isa = PBXFileReference; fileEncoding = 4; lastKnownFileType = sourcecode.swift; path = ARViewController.swift; sourceTree = "<group>"; };
		F38F11751C73C37E000DA415 /* DebugMapViewController.swift */ = {isa = PBXFileReference; fileEncoding = 4; lastKnownFileType = sourcecode.swift; path = DebugMapViewController.swift; sourceTree = "<group>"; };
		F38F11771C73C37E000DA415 /* DebugMapViewController.xib */ = {isa = PBXFileReference; fileEncoding = 4; lastKnownFileType = file.xib; path = DebugMapViewController.xib; sourceTree = "<group>"; };
		F38F11781C73C37E000DA415 /* hdar_close.png */ = {isa = PBXFileReference; lastKnownFileType = image.png; path = hdar_close.png; sourceTree = "<group>"; };
		F38F11791C73C37E000DA415 /* hdar_close@2x.png */ = {isa = PBXFileReference; lastKnownFileType = image.png; path = "hdar_close@2x.png"; sourceTree = "<group>"; };
		F38F117A1C73C37E000DA415 /* hdar_close@3x.png */ = {isa = PBXFileReference; lastKnownFileType = image.png; path = "hdar_close@3x.png"; sourceTree = "<group>"; };
		F38F11851C7453D0000DA415 /* MountainsAnnotationView.swift */ = {isa = PBXFileReference; fileEncoding = 4; lastKnownFileType = sourcecode.swift; path = MountainsAnnotationView.swift; sourceTree = "<group>"; };
		F3C3A9EF1C540C5C00FE7952 /* Mountains.app */ = {isa = PBXFileReference; explicitFileType = wrapper.application; includeInIndex = 0; path = Mountains.app; sourceTree = BUILT_PRODUCTS_DIR; };
		F3C3A9F21C540C5C00FE7952 /* AppDelegate.swift */ = {isa = PBXFileReference; lastKnownFileType = sourcecode.swift; path = AppDelegate.swift; sourceTree = "<group>"; };
		F3C3A9F41C540C5C00FE7952 /* MapViewController.swift */ = {isa = PBXFileReference; lastKnownFileType = sourcecode.swift; path = MapViewController.swift; sourceTree = "<group>"; };
		F3C3A9F71C540C5C00FE7952 /* Base */ = {isa = PBXFileReference; lastKnownFileType = file.storyboard; name = Base; path = Base.lproj/Main.storyboard; sourceTree = "<group>"; };
		F3C3A9FA1C540C5C00FE7952 /* Mountains.xcdatamodel */ = {isa = PBXFileReference; lastKnownFileType = wrapper.xcdatamodel; path = Mountains.xcdatamodel; sourceTree = "<group>"; };
		F3C3A9FC1C540C5C00FE7952 /* Assets.xcassets */ = {isa = PBXFileReference; lastKnownFileType = folder.assetcatalog; path = Assets.xcassets; sourceTree = "<group>"; };
		F3C3A9FF1C540C5C00FE7952 /* Base */ = {isa = PBXFileReference; lastKnownFileType = file.storyboard; name = Base; path = Base.lproj/LaunchScreen.storyboard; sourceTree = "<group>"; };
		F3C3AA011C540C5C00FE7952 /* Info.plist */ = {isa = PBXFileReference; lastKnownFileType = text.plist.xml; path = Info.plist; sourceTree = "<group>"; };
		F3C3AA061C540C5C00FE7952 /* MountainsTests.xctest */ = {isa = PBXFileReference; explicitFileType = wrapper.cfbundle; includeInIndex = 0; path = MountainsTests.xctest; sourceTree = BUILT_PRODUCTS_DIR; };
		F3C3AA0A1C540C5C00FE7952 /* MountainsTests.swift */ = {isa = PBXFileReference; lastKnownFileType = sourcecode.swift; path = MountainsTests.swift; sourceTree = "<group>"; };
		F3C3AA0C1C540C5C00FE7952 /* Info.plist */ = {isa = PBXFileReference; lastKnownFileType = text.plist.xml; path = Info.plist; sourceTree = "<group>"; };
		F3C3AA111C540C5C00FE7952 /* MountainsUITests.xctest */ = {isa = PBXFileReference; explicitFileType = wrapper.cfbundle; includeInIndex = 0; path = MountainsUITests.xctest; sourceTree = BUILT_PRODUCTS_DIR; };
		F3C3AA151C540C5C00FE7952 /* MountainsUITests.swift */ = {isa = PBXFileReference; lastKnownFileType = sourcecode.swift; path = MountainsUITests.swift; sourceTree = "<group>"; };
		F3C3AA171C540C5C00FE7952 /* Info.plist */ = {isa = PBXFileReference; lastKnownFileType = text.plist.xml; path = Info.plist; sourceTree = "<group>"; };
		F3C3AA261C54127000FE7952 /* MapKit.framework */ = {isa = PBXFileReference; lastKnownFileType = wrapper.framework; name = MapKit.framework; path = System/Library/Frameworks/MapKit.framework; sourceTree = SDKROOT; };
/* End PBXFileReference section */

/* Begin PBXFrameworksBuildPhase section */
		F3C3A9EC1C540C5C00FE7952 /* Frameworks */ = {
			isa = PBXFrameworksBuildPhase;
			buildActionMask = 2147483647;
			files = (
				F38F116C1C73C33E000DA415 /* CoreMotion.framework in Frameworks */,
				F38F116A1C73C335000DA415 /* CoreLocation.framework in Frameworks */,
				F3C3AA271C54127000FE7952 /* MapKit.framework in Frameworks */,
			);
			runOnlyForDeploymentPostprocessing = 0;
		};
		F3C3AA031C540C5C00FE7952 /* Frameworks */ = {
			isa = PBXFrameworksBuildPhase;
			buildActionMask = 2147483647;
			files = (
			);
			runOnlyForDeploymentPostprocessing = 0;
		};
		F3C3AA0E1C540C5C00FE7952 /* Frameworks */ = {
			isa = PBXFrameworksBuildPhase;
			buildActionMask = 2147483647;
			files = (
			);
			runOnlyForDeploymentPostprocessing = 0;
		};
/* End PBXFrameworksBuildPhase section */

/* Begin PBXGroup section */
		F303C5741C54BFDC00CE736E /* OSM */ = {
			isa = PBXGroup;
			children = (
				F303C5751C54C00200CE736E /* OSMClient.swift */,
				F303C5771C54C03800CE736E /* OSMConvenience.swift */,
				F303C5791C54C08000CE736E /* OSMConstant.swift */,
			);
			name = OSM;
			sourceTree = "<group>";
		};
		F35D99211C9579AE001BB552 /* Library */ = {
			isa = PBXGroup;
			children = (
				F38F116D1C73C37E000DA415 /* HDAugmentedReality */,
				F38F116B1C73C33E000DA415 /* CoreMotion.framework */,
				F38F11691C73C335000DA415 /* CoreLocation.framework */,
				F3C3AA261C54127000FE7952 /* MapKit.framework */,
			);
			name = Library;
			sourceTree = "<group>";
		};
		F3827BE91CA317EC00FDEC41 /* Service */ = {
			isa = PBXGroup;
			children = (
				F303C57E1C5CB07D00CE736E /* CoreDataStackManager.swift */,
				F3827BEA1CA3180B00FDEC41 /* MountainsService.swift */,
			);
			name = Service;
			sourceTree = "<group>";
		};
		F38F116D1C73C37E000DA415 /* HDAugmentedReality */ = {
			isa = PBXGroup;
			children = (
				F38F116E1C73C37E000DA415 /* Classes */,
				F38F11761C73C37E000DA415 /* Resources */,
			);
			path = HDAugmentedReality;
			sourceTree = "<group>";
		};
		F38F116E1C73C37E000DA415 /* Classes */ = {
			isa = PBXGroup;
			children = (
				F38F116F1C73C37E000DA415 /* ARAnnotation.swift */,
				F38F11701C73C37E000DA415 /* ARAnnotationView.swift */,
				F38F11711C73C37E000DA415 /* ARConfiguration.swift */,
				F38F11721C73C37E000DA415 /* ARTrackingManager.swift */,
				F38F11731C73C37E000DA415 /* ARViewController.swift */,
				F38F11741C73C37E000DA415 /* Debug */,
			);
			path = Classes;
			sourceTree = "<group>";
		};
		F38F11741C73C37E000DA415 /* Debug */ = {
			isa = PBXGroup;
			children = (
				F38F11751C73C37E000DA415 /* DebugMapViewController.swift */,
			);
			path = Debug;
			sourceTree = "<group>";
		};
		F38F11761C73C37E000DA415 /* Resources */ = {
			isa = PBXGroup;
			children = (
				F38F11771C73C37E000DA415 /* DebugMapViewController.xib */,
				F38F11781C73C37E000DA415 /* hdar_close.png */,
				F38F11791C73C37E000DA415 /* hdar_close@2x.png */,
				F38F117A1C73C37E000DA415 /* hdar_close@3x.png */,
			);
			path = Resources;
			sourceTree = "<group>";
		};
		F3C3A9E61C540C5B00FE7952 = {
			isa = PBXGroup;
			children = (
				F35D99211C9579AE001BB552 /* Library */,
				F3C3A9F11C540C5C00FE7952 /* Mountains */,
				F3C3AA091C540C5C00FE7952 /* MountainsTests */,
				F3C3AA141C540C5C00FE7952 /* MountainsUITests */,
				F3C3A9F01C540C5C00FE7952 /* Products */,
			);
			sourceTree = "<group>";
		};
		F3C3A9F01C540C5C00FE7952 /* Products */ = {
			isa = PBXGroup;
			children = (
				F3C3A9EF1C540C5C00FE7952 /* Mountains.app */,
				F3C3AA061C540C5C00FE7952 /* MountainsTests.xctest */,
				F3C3AA111C540C5C00FE7952 /* MountainsUITests.xctest */,
			);
			name = Products;
			sourceTree = "<group>";
		};
		F3C3A9F11C540C5C00FE7952 /* Mountains */ = {
			isa = PBXGroup;
			children = (
				F3827BE91CA317EC00FDEC41 /* Service */,
				F3C3AA231C540F2200FE7952 /* Model */,
				F3C3AA241C540F2900FE7952 /* View */,
				F3C3AA251C540F3400FE7952 /* Controller */,
				F3C3A9F21C540C5C00FE7952 /* AppDelegate.swift */,
				F3C3A9F61C540C5C00FE7952 /* Main.storyboard */,
				F3C3A9FC1C540C5C00FE7952 /* Assets.xcassets */,
				F3C3A9FE1C540C5C00FE7952 /* LaunchScreen.storyboard */,
				F3C3AA011C540C5C00FE7952 /* Info.plist */,
				F3C3A9F91C540C5C00FE7952 /* Mountains.xcdatamodeld */,
			);
			path = Mountains;
			sourceTree = "<group>";
		};
		F3C3AA091C540C5C00FE7952 /* MountainsTests */ = {
			isa = PBXGroup;
			children = (
				F3C3AA0A1C540C5C00FE7952 /* MountainsTests.swift */,
				F3C3AA0C1C540C5C00FE7952 /* Info.plist */,
			);
			path = MountainsTests;
			sourceTree = "<group>";
		};
		F3C3AA141C540C5C00FE7952 /* MountainsUITests */ = {
			isa = PBXGroup;
			children = (
				F3C3AA151C540C5C00FE7952 /* MountainsUITests.swift */,
				F3C3AA171C540C5C00FE7952 /* Info.plist */,
			);
			path = MountainsUITests;
			sourceTree = "<group>";
		};
		F3C3AA231C540F2200FE7952 /* Model */ = {
			isa = PBXGroup;
			children = (
				F303C5741C54BFDC00CE736E /* OSM */,
				F303C57B1C5CAF5700CE736E /* Peak.swift */,
				F35D99221C95A4B2001BB552 /* Location.swift */,
			);
			name = Model;
			sourceTree = "<group>";
		};
		F3C3AA241C540F2900FE7952 /* View */ = {
			isa = PBXGroup;
			children = (
				F38F11851C7453D0000DA415 /* MountainsAnnotationView.swift */,
			);
			name = View;
			sourceTree = "<group>";
		};
		F3C3AA251C540F3400FE7952 /* Controller */ = {
			isa = PBXGroup;
			children = (
				F3C3A9F41C540C5C00FE7952 /* MapViewController.swift */,
				F303C5801C67713E00CE736E /* MountainsARViewController.swift */,
				F3827BE51CA0ADB100FDEC41 /* TabBarController.swift */,
				F3827BE71CA0B05900FDEC41 /* PeakListViewController.swift */,
			);
			name = Controller;
			sourceTree = "<group>";
		};
/* End PBXGroup section */

/* Begin PBXNativeTarget section */
		F3C3A9EE1C540C5C00FE7952 /* Mountains */ = {
			isa = PBXNativeTarget;
			buildConfigurationList = F3C3AA1A1C540C5C00FE7952 /* Build configuration list for PBXNativeTarget "Mountains" */;
			buildPhases = (
				F3C3A9EB1C540C5C00FE7952 /* Sources */,
				F3C3A9EC1C540C5C00FE7952 /* Frameworks */,
				F3C3A9ED1C540C5C00FE7952 /* Resources */,
			);
			buildRules = (
			);
			dependencies = (
			);
			name = Mountains;
			productName = Mountains;
			productReference = F3C3A9EF1C540C5C00FE7952 /* Mountains.app */;
			productType = "com.apple.product-type.application";
		};
		F3C3AA051C540C5C00FE7952 /* MountainsTests */ = {
			isa = PBXNativeTarget;
			buildConfigurationList = F3C3AA1D1C540C5C00FE7952 /* Build configuration list for PBXNativeTarget "MountainsTests" */;
			buildPhases = (
				F3C3AA021C540C5C00FE7952 /* Sources */,
				F3C3AA031C540C5C00FE7952 /* Frameworks */,
				F3C3AA041C540C5C00FE7952 /* Resources */,
			);
			buildRules = (
			);
			dependencies = (
				F3C3AA081C540C5C00FE7952 /* PBXTargetDependency */,
			);
			name = MountainsTests;
			productName = MountainsTests;
			productReference = F3C3AA061C540C5C00FE7952 /* MountainsTests.xctest */;
			productType = "com.apple.product-type.bundle.unit-test";
		};
		F3C3AA101C540C5C00FE7952 /* MountainsUITests */ = {
			isa = PBXNativeTarget;
			buildConfigurationList = F3C3AA201C540C5C00FE7952 /* Build configuration list for PBXNativeTarget "MountainsUITests" */;
			buildPhases = (
				F3C3AA0D1C540C5C00FE7952 /* Sources */,
				F3C3AA0E1C540C5C00FE7952 /* Frameworks */,
				F3C3AA0F1C540C5C00FE7952 /* Resources */,
			);
			buildRules = (
			);
			dependencies = (
				F3C3AA131C540C5C00FE7952 /* PBXTargetDependency */,
			);
			name = MountainsUITests;
			productName = MountainsUITests;
			productReference = F3C3AA111C540C5C00FE7952 /* MountainsUITests.xctest */;
			productType = "com.apple.product-type.bundle.ui-testing";
		};
/* End PBXNativeTarget section */

/* Begin PBXProject section */
		F3C3A9E71C540C5C00FE7952 /* Project object */ = {
			isa = PBXProject;
			attributes = {
				LastSwiftUpdateCheck = 0710;
				LastUpgradeCheck = 0710;
				ORGANIZATIONNAME = "Roman Hauptvogel";
				TargetAttributes = {
					F3C3A9EE1C540C5C00FE7952 = {
						CreatedOnToolsVersion = 7.1;
						DevelopmentTeam = XV7PMK6D5L;
					};
					F3C3AA051C540C5C00FE7952 = {
						CreatedOnToolsVersion = 7.1;
						TestTargetID = F3C3A9EE1C540C5C00FE7952;
					};
					F3C3AA101C540C5C00FE7952 = {
						CreatedOnToolsVersion = 7.1;
						TestTargetID = F3C3A9EE1C540C5C00FE7952;
					};
				};
			};
			buildConfigurationList = F3C3A9EA1C540C5C00FE7952 /* Build configuration list for PBXProject "Mountains" */;
			compatibilityVersion = "Xcode 6.3";
			developmentRegion = English;
			hasScannedForEncodings = 0;
			knownRegions = (
				en,
				Base,
			);
			mainGroup = F3C3A9E61C540C5B00FE7952;
			productRefGroup = F3C3A9F01C540C5C00FE7952 /* Products */;
			projectDirPath = "";
			projectRoot = "";
			targets = (
				F3C3A9EE1C540C5C00FE7952 /* Mountains */,
				F3C3AA051C540C5C00FE7952 /* MountainsTests */,
				F3C3AA101C540C5C00FE7952 /* MountainsUITests */,
			);
		};
/* End PBXProject section */

/* Begin PBXResourcesBuildPhase section */
		F3C3A9ED1C540C5C00FE7952 /* Resources */ = {
			isa = PBXResourcesBuildPhase;
			buildActionMask = 2147483647;
			files = (
				F3C3AA001C540C5C00FE7952 /* LaunchScreen.storyboard in Resources */,
				F38F11821C73C37E000DA415 /* hdar_close.png in Resources */,
				F38F11841C73C37E000DA415 /* hdar_close@3x.png in Resources */,
				F3C3A9FD1C540C5C00FE7952 /* Assets.xcassets in Resources */,
				F3C3A9F81C540C5C00FE7952 /* Main.storyboard in Resources */,
				F38F11831C73C37E000DA415 /* hdar_close@2x.png in Resources */,
				F38F11811C73C37E000DA415 /* DebugMapViewController.xib in Resources */,
			);
			runOnlyForDeploymentPostprocessing = 0;
		};
		F3C3AA041C540C5C00FE7952 /* Resources */ = {
			isa = PBXResourcesBuildPhase;
			buildActionMask = 2147483647;
			files = (
			);
			runOnlyForDeploymentPostprocessing = 0;
		};
		F3C3AA0F1C540C5C00FE7952 /* Resources */ = {
			isa = PBXResourcesBuildPhase;
			buildActionMask = 2147483647;
			files = (
			);
			runOnlyForDeploymentPostprocessing = 0;
		};
/* End PBXResourcesBuildPhase section */

/* Begin PBXSourcesBuildPhase section */
		F3C3A9EB1C540C5C00FE7952 /* Sources */ = {
			isa = PBXSourcesBuildPhase;
			buildActionMask = 2147483647;
			files = (
				F303C5761C54C00200CE736E /* OSMClient.swift in Sources */,
				F303C57F1C5CB07D00CE736E /* CoreDataStackManager.swift in Sources */,
				F38F117C1C73C37E000DA415 /* ARAnnotationView.swift in Sources */,
				F3827BE61CA0ADB100FDEC41 /* TabBarController.swift in Sources */,
				F3C3A9FB1C540C5C00FE7952 /* Mountains.xcdatamodeld in Sources */,
				F38F117B1C73C37E000DA415 /* ARAnnotation.swift in Sources */,
				F35D99231C95A4B2001BB552 /* Location.swift in Sources */,
				F303C5811C67713E00CE736E /* MountainsARViewController.swift in Sources */,
				F3827BEB1CA3180B00FDEC41 /* MountainsService.swift in Sources */,
				F303C5781C54C03800CE736E /* OSMConvenience.swift in Sources */,
				F38F117F1C73C37E000DA415 /* ARViewController.swift in Sources */,
				F38F117D1C73C37E000DA415 /* ARConfiguration.swift in Sources */,
				F38F11861C7453D0000DA415 /* MountainsAnnotationView.swift in Sources */,
				F303C57C1C5CAF5700CE736E /* Peak.swift in Sources */,
				F3827BE81CA0B05900FDEC41 /* PeakListViewController.swift in Sources */,
				F3C3A9F51C540C5C00FE7952 /* MapViewController.swift in Sources */,
				F3C3A9F31C540C5C00FE7952 /* AppDelegate.swift in Sources */,
				F303C57A1C54C08000CE736E /* OSMConstant.swift in Sources */,
				F38F11801C73C37E000DA415 /* DebugMapViewController.swift in Sources */,
				F38F117E1C73C37E000DA415 /* ARTrackingManager.swift in Sources */,
			);
			runOnlyForDeploymentPostprocessing = 0;
		};
		F3C3AA021C540C5C00FE7952 /* Sources */ = {
			isa = PBXSourcesBuildPhase;
			buildActionMask = 2147483647;
			files = (
				F3C3AA0B1C540C5C00FE7952 /* MountainsTests.swift in Sources */,
			);
			runOnlyForDeploymentPostprocessing = 0;
		};
		F3C3AA0D1C540C5C00FE7952 /* Sources */ = {
			isa = PBXSourcesBuildPhase;
			buildActionMask = 2147483647;
			files = (
				F3C3AA161C540C5C00FE7952 /* MountainsUITests.swift in Sources */,
			);
			runOnlyForDeploymentPostprocessing = 0;
		};
/* End PBXSourcesBuildPhase section */

/* Begin PBXTargetDependency section */
		F3C3AA081C540C5C00FE7952 /* PBXTargetDependency */ = {
			isa = PBXTargetDependency;
			target = F3C3A9EE1C540C5C00FE7952 /* Mountains */;
			targetProxy = F3C3AA071C540C5C00FE7952 /* PBXContainerItemProxy */;
		};
		F3C3AA131C540C5C00FE7952 /* PBXTargetDependency */ = {
			isa = PBXTargetDependency;
			target = F3C3A9EE1C540C5C00FE7952 /* Mountains */;
			targetProxy = F3C3AA121C540C5C00FE7952 /* PBXContainerItemProxy */;
		};
/* End PBXTargetDependency section */

/* Begin PBXVariantGroup section */
		F3C3A9F61C540C5C00FE7952 /* Main.storyboard */ = {
			isa = PBXVariantGroup;
			children = (
				F3C3A9F71C540C5C00FE7952 /* Base */,
			);
			name = Main.storyboard;
			sourceTree = "<group>";
		};
		F3C3A9FE1C540C5C00FE7952 /* LaunchScreen.storyboard */ = {
			isa = PBXVariantGroup;
			children = (
				F3C3A9FF1C540C5C00FE7952 /* Base */,
			);
			name = LaunchScreen.storyboard;
			sourceTree = "<group>";
		};
/* End PBXVariantGroup section */

/* Begin XCBuildConfiguration section */
		F3C3AA181C540C5C00FE7952 /* Debug */ = {
			isa = XCBuildConfiguration;
			buildSettings = {
				ALWAYS_SEARCH_USER_PATHS = NO;
				CLANG_CXX_LANGUAGE_STANDARD = "gnu++0x";
				CLANG_CXX_LIBRARY = "libc++";
				CLANG_ENABLE_MODULES = YES;
				CLANG_ENABLE_OBJC_ARC = YES;
				CLANG_WARN_BOOL_CONVERSION = YES;
				CLANG_WARN_CONSTANT_CONVERSION = YES;
				CLANG_WARN_DIRECT_OBJC_ISA_USAGE = YES_ERROR;
				CLANG_WARN_EMPTY_BODY = YES;
				CLANG_WARN_ENUM_CONVERSION = YES;
				CLANG_WARN_INT_CONVERSION = YES;
				CLANG_WARN_OBJC_ROOT_CLASS = YES_ERROR;
				CLANG_WARN_UNREACHABLE_CODE = YES;
				CLANG_WARN__DUPLICATE_METHOD_MATCH = YES;
				"CODE_SIGN_IDENTITY[sdk=iphoneos*]" = "iPhone Developer";
				COPY_PHASE_STRIP = NO;
				DEBUG_INFORMATION_FORMAT = dwarf;
				ENABLE_STRICT_OBJC_MSGSEND = YES;
				ENABLE_TESTABILITY = YES;
				GCC_C_LANGUAGE_STANDARD = gnu99;
				GCC_DYNAMIC_NO_PIC = NO;
				GCC_NO_COMMON_BLOCKS = YES;
				GCC_OPTIMIZATION_LEVEL = 0;
				GCC_PREPROCESSOR_DEFINITIONS = (
					"DEBUG=1",
					"$(inherited)",
				);
				GCC_WARN_64_TO_32_BIT_CONVERSION = YES;
				GCC_WARN_ABOUT_RETURN_TYPE = YES_ERROR;
				GCC_WARN_UNDECLARED_SELECTOR = YES;
				GCC_WARN_UNINITIALIZED_AUTOS = YES_AGGRESSIVE;
				GCC_WARN_UNUSED_FUNCTION = YES;
				GCC_WARN_UNUSED_VARIABLE = YES;
				IPHONEOS_DEPLOYMENT_TARGET = 9.1;
				MTL_ENABLE_DEBUG_INFO = YES;
				ONLY_ACTIVE_ARCH = YES;
				SDKROOT = iphoneos;
				SWIFT_OPTIMIZATION_LEVEL = "-Onone";
			};
			name = Debug;
		};
		F3C3AA191C540C5C00FE7952 /* Release */ = {
			isa = XCBuildConfiguration;
			buildSettings = {
				ALWAYS_SEARCH_USER_PATHS = NO;
				CLANG_CXX_LANGUAGE_STANDARD = "gnu++0x";
				CLANG_CXX_LIBRARY = "libc++";
				CLANG_ENABLE_MODULES = YES;
				CLANG_ENABLE_OBJC_ARC = YES;
				CLANG_WARN_BOOL_CONVERSION = YES;
				CLANG_WARN_CONSTANT_CONVERSION = YES;
				CLANG_WARN_DIRECT_OBJC_ISA_USAGE = YES_ERROR;
				CLANG_WARN_EMPTY_BODY = YES;
				CLANG_WARN_ENUM_CONVERSION = YES;
				CLANG_WARN_INT_CONVERSION = YES;
				CLANG_WARN_OBJC_ROOT_CLASS = YES_ERROR;
				CLANG_WARN_UNREACHABLE_CODE = YES;
				CLANG_WARN__DUPLICATE_METHOD_MATCH = YES;
				"CODE_SIGN_IDENTITY[sdk=iphoneos*]" = "iPhone Developer";
				COPY_PHASE_STRIP = NO;
				DEBUG_INFORMATION_FORMAT = "dwarf-with-dsym";
				ENABLE_NS_ASSERTIONS = NO;
				ENABLE_STRICT_OBJC_MSGSEND = YES;
				GCC_C_LANGUAGE_STANDARD = gnu99;
				GCC_NO_COMMON_BLOCKS = YES;
				GCC_WARN_64_TO_32_BIT_CONVERSION = YES;
				GCC_WARN_ABOUT_RETURN_TYPE = YES_ERROR;
				GCC_WARN_UNDECLARED_SELECTOR = YES;
				GCC_WARN_UNINITIALIZED_AUTOS = YES_AGGRESSIVE;
				GCC_WARN_UNUSED_FUNCTION = YES;
				GCC_WARN_UNUSED_VARIABLE = YES;
				IPHONEOS_DEPLOYMENT_TARGET = 9.1;
				MTL_ENABLE_DEBUG_INFO = NO;
				SDKROOT = iphoneos;
				VALIDATE_PRODUCT = YES;
			};
			name = Release;
		};
		F3C3AA1B1C540C5C00FE7952 /* Debug */ = {
			isa = XCBuildConfiguration;
			buildSettings = {
				ASSETCATALOG_COMPILER_APPICON_NAME = AppIcon;
				CODE_SIGN_IDENTITY = "iPhone Developer";
				"CODE_SIGN_IDENTITY[sdk=iphoneos*]" = "iPhone Developer";
				INFOPLIST_FILE = Mountains/Info.plist;
				IPHONEOS_DEPLOYMENT_TARGET = 9.1;
				LD_RUNPATH_SEARCH_PATHS = "$(inherited) @executable_path/Frameworks";
				PRODUCT_BUNDLE_IDENTIFIER = com.romi74371.Mountains;
				PRODUCT_NAME = "$(TARGET_NAME)";
				PROVISIONING_PROFILE = "";
				TARGETED_DEVICE_FAMILY = 1;
			};
			name = Debug;
		};
		F3C3AA1C1C540C5C00FE7952 /* Release */ = {
			isa = XCBuildConfiguration;
			buildSettings = {
				ASSETCATALOG_COMPILER_APPICON_NAME = AppIcon;
				CODE_SIGN_IDENTITY = "iPhone Developer";
				"CODE_SIGN_IDENTITY[sdk=iphoneos*]" = "iPhone Developer";
				INFOPLIST_FILE = Mountains/Info.plist;
				IPHONEOS_DEPLOYMENT_TARGET = 9.1;
				LD_RUNPATH_SEARCH_PATHS = "$(inherited) @executable_path/Frameworks";
				PRODUCT_BUNDLE_IDENTIFIER = com.romi74371.Mountains;
				PRODUCT_NAME = "$(TARGET_NAME)";
				PROVISIONING_PROFILE = "";
				TARGETED_DEVICE_FAMILY = 1;
			};
			name = Release;
		};
		F3C3AA1E1C540C5C00FE7952 /* Debug */ = {
			isa = XCBuildConfiguration;
			buildSettings = {
				BUNDLE_LOADER = "$(TEST_HOST)";
				INFOPLIST_FILE = MountainsTests/Info.plist;
				LD_RUNPATH_SEARCH_PATHS = "$(inherited) @executable_path/Frameworks @loader_path/Frameworks";
				PRODUCT_BUNDLE_IDENTIFIER = com.romi74371.MountainsTests;
				PRODUCT_NAME = "$(TARGET_NAME)";
				TEST_HOST = "$(BUILT_PRODUCTS_DIR)/Mountains.app/Mountains";
			};
			name = Debug;
		};
		F3C3AA1F1C540C5C00FE7952 /* Release */ = {
			isa = XCBuildConfiguration;
			buildSettings = {
				BUNDLE_LOADER = "$(TEST_HOST)";
				INFOPLIST_FILE = MountainsTests/Info.plist;
				LD_RUNPATH_SEARCH_PATHS = "$(inherited) @executable_path/Frameworks @loader_path/Frameworks";
				PRODUCT_BUNDLE_IDENTIFIER = com.romi74371.MountainsTests;
				PRODUCT_NAME = "$(TARGET_NAME)";
				TEST_HOST = "$(BUILT_PRODUCTS_DIR)/Mountains.app/Mountains";
			};
			name = Release;
		};
		F3C3AA211C540C5C00FE7952 /* Debug */ = {
			isa = XCBuildConfiguration;
			buildSettings = {
				INFOPLIST_FILE = MountainsUITests/Info.plist;
				LD_RUNPATH_SEARCH_PATHS = "$(inherited) @executable_path/Frameworks @loader_path/Frameworks";
				PRODUCT_BUNDLE_IDENTIFIER = com.romi74371.MountainsUITests;
				PRODUCT_NAME = "$(TARGET_NAME)";
				TEST_TARGET_NAME = Mountains;
				USES_XCTRUNNER = YES;
			};
			name = Debug;
		};
		F3C3AA221C540C5C00FE7952 /* Release */ = {
			isa = XCBuildConfiguration;
			buildSettings = {
				INFOPLIST_FILE = MountainsUITests/Info.plist;
				LD_RUNPATH_SEARCH_PATHS = "$(inherited) @executable_path/Frameworks @loader_path/Frameworks";
				PRODUCT_BUNDLE_IDENTIFIER = com.romi74371.MountainsUITests;
				PRODUCT_NAME = "$(TARGET_NAME)";
				TEST_TARGET_NAME = Mountains;
				USES_XCTRUNNER = YES;
			};
			name = Release;
		};
/* End XCBuildConfiguration section */

/* Begin XCConfigurationList section */
		F3C3A9EA1C540C5C00FE7952 /* Build configuration list for PBXProject "Mountains" */ = {
			isa = XCConfigurationList;
			buildConfigurations = (
				F3C3AA181C540C5C00FE7952 /* Debug */,
				F3C3AA191C540C5C00FE7952 /* Release */,
			);
			defaultConfigurationIsVisible = 0;
			defaultConfigurationName = Release;
		};
		F3C3AA1A1C540C5C00FE7952 /* Build configuration list for PBXNativeTarget "Mountains" */ = {
			isa = XCConfigurationList;
			buildConfigurations = (
				F3C3AA1B1C540C5C00FE7952 /* Debug */,
				F3C3AA1C1C540C5C00FE7952 /* Release */,
			);
			defaultConfigurationIsVisible = 0;
			defaultConfigurationName = Release;
		};
		F3C3AA1D1C540C5C00FE7952 /* Build configuration list for PBXNativeTarget "MountainsTests" */ = {
			isa = XCConfigurationList;
			buildConfigurations = (
				F3C3AA1E1C540C5C00FE7952 /* Debug */,
				F3C3AA1F1C540C5C00FE7952 /* Release */,
			);
			defaultConfigurationIsVisible = 0;
			defaultConfigurationName = Release;
		};
		F3C3AA201C540C5C00FE7952 /* Build configuration list for PBXNativeTarget "MountainsUITests" */ = {
			isa = XCConfigurationList;
			buildConfigurations = (
				F3C3AA211C540C5C00FE7952 /* Debug */,
				F3C3AA221C540C5C00FE7952 /* Release */,
			);
			defaultConfigurationIsVisible = 0;
			defaultConfigurationName = Release;
		};
/* End XCConfigurationList section */

/* Begin XCVersionGroup section */
		F3C3A9F91C540C5C00FE7952 /* Mountains.xcdatamodeld */ = {
			isa = XCVersionGroup;
			children = (
				F3C3A9FA1C540C5C00FE7952 /* Mountains.xcdatamodel */,
			);
			currentVersion = F3C3A9FA1C540C5C00FE7952 /* Mountains.xcdatamodel */;
			path = Mountains.xcdatamodeld;
			sourceTree = "<group>";
			versionGroupType = wrapper.xcdatamodel;
		};
/* End XCVersionGroup section */
	};
	rootObject = F3C3A9E71C540C5C00FE7952 /* Project object */;
}
